
Microsoft Visual Studio Solution File, Format Version 12.00
# Visual Studio Version 17
VisualStudioVersion = 17.1.32421.90
MinimumVisualStudioVersion = 10.0.40219.1
Project("{9A19103F-16F7-4668-BE54-9A1E7A4F7556}") = "Libria", "Libria.csproj", "{1D5B1453-4884-46BD-BE56-F96455C1BD1B}"
EndProject
Global
	GlobalSection(SolutionConfigurationPlatforms) = preSolution
		Debug|Any CPU = Debug|Any CPU
		Release|Any CPU = Release|Any CPU
	EndGlobalSection
	GlobalSection(ProjectConfigurationPlatforms) = postSolution
		{1D5B1453-4884-46BD-BE56-F96455C1BD1B}.Debug|Any CPU.ActiveCfg = Debug|Any CPU
		{1D5B1453-4884-46BD-BE56-F96455C1BD1B}.Debug|Any CPU.Build.0 = Debug|Any CPU
		{1D5B1453-4884-46BD-BE56-F96455C1BD1B}.Release|Any CPU.ActiveCfg = Release|Any CPU
		{1D5B1453-4884-46BD-BE56-F96455C1BD1B}.Release|Any CPU.Build.0 = Release|Any CPU
	EndGlobalSection
	GlobalSection(SolutionProperties) = preSolution
		HideSolutionNode = FALSE
	EndGlobalSection
	GlobalSection(ExtensibilityGlobals) = postSolution
		SolutionGuid = {0AE1BC79-4137-4724-B3BD-072A0A83EDB5}
	EndGlobalSection
EndGlobal
